
Microsoft Visual Studio Solution File, Format Version 12.00
# Visual Studio Version 16
VisualStudioVersion = 16.0.30413.136
MinimumVisualStudioVersion = 10.0.40219.1
Project("{FAE04EC0-301F-11D3-BF4B-00C04F79EFBC}") = "Console Ilya Antonov", "Console Ilya Antonov\Console Ilya Antonov.csproj", "{C94F8D89-7C93-4F0F-8079-EF0CD16BDFBF}"
EndProject
Global
	GlobalSection(SolutionConfigurationPlatforms) = preSolution
		Debug|Any CPU = Debug|Any CPU
		Release|Any CPU = Release|Any CPU
	EndGlobalSection
	GlobalSection(ProjectConfigurationPlatforms) = postSolution
		{C94F8D89-7C93-4F0F-8079-EF0CD16BDFBF}.Debug|Any CPU.ActiveCfg = Debug|Any CPU
		{C94F8D89-7C93-4F0F-8079-EF0CD16BDFBF}.Debug|Any CPU.Build.0 = Debug|Any CPU
		{C94F8D89-7C93-4F0F-8079-EF0CD16BDFBF}.Release|Any CPU.ActiveCfg = Release|Any CPU
		{C94F8D89-7C93-4F0F-8079-EF0CD16BDFBF}.Release|Any CPU.Build.0 = Release|Any CPU
	EndGlobalSection
	GlobalSection(SolutionProperties) = preSolution
		HideSolutionNode = FALSE
	EndGlobalSection
	GlobalSection(ExtensibilityGlobals) = postSolution
		SolutionGuid = {B08E1F67-1288-483B-BEA9-B250EEAC7B83}
	EndGlobalSection
EndGlobal
